
Microsoft Visual Studio Solution File, Format Version 12.00
# Visual Studio Version 17
VisualStudioVersion = 17.10.34814.14
MinimumVisualStudioVersion = 10.0.40219.1
Project("{9A19103F-16F7-4668-BE54-9A1E7A4F7556}") = "WhatWrongWithThisCode", "WhatWrongWithThisCode\WhatWrongWithThisCode.csproj", "{06DF3914-A86C-4724-92A0-163376948B44}"
EndProject
Project("{FAE04EC0-301F-11D3-BF4B-00C04F79EFBC}") = "DroneManagement", "DroneManagement\DroneManagement.csproj", "{014F4398-ED7F-4258-A50D-97EB0D1DB99E}"
EndProject
Global
	GlobalSection(SolutionConfigurationPlatforms) = preSolution
		Debug|Any CPU = Debug|Any CPU
		Release|Any CPU = Release|Any CPU
	EndGlobalSection
	GlobalSection(ProjectConfigurationPlatforms) = postSolution
		{06DF3914-A86C-4724-92A0-163376948B44}.Debug|Any CPU.ActiveCfg = Debug|Any CPU
		{06DF3914-A86C-4724-92A0-163376948B44}.Debug|Any CPU.Build.0 = Debug|Any CPU
		{06DF3914-A86C-4724-92A0-163376948B44}.Release|Any CPU.ActiveCfg = Release|Any CPU
		{06DF3914-A86C-4724-92A0-163376948B44}.Release|Any CPU.Build.0 = Release|Any CPU
		{014F4398-ED7F-4258-A50D-97EB0D1DB99E}.Debug|Any CPU.ActiveCfg = Debug|Any CPU
		{014F4398-ED7F-4258-A50D-97EB0D1DB99E}.Debug|Any CPU.Build.0 = Debug|Any CPU
		{014F4398-ED7F-4258-A50D-97EB0D1DB99E}.Release|Any CPU.ActiveCfg = Release|Any CPU
		{014F4398-ED7F-4258-A50D-97EB0D1DB99E}.Release|Any CPU.Build.0 = Release|Any CPU
	EndGlobalSection
	GlobalSection(SolutionProperties) = preSolution
		HideSolutionNode = FALSE
	EndGlobalSection
	GlobalSection(ExtensibilityGlobals) = postSolution
		SolutionGuid = {B06C7CFD-38FB-44A3-8231-78AD782E1A2E}
	EndGlobalSection
EndGlobal
