
Microsoft Visual Studio Solution File, Format Version 12.00
# Visual Studio Version 17
VisualStudioVersion = 17.5.002.0
MinimumVisualStudioVersion = 10.0.40219.1
Project("{9A19103F-16F7-4668-BE54-9A1E7A4F7556}") = "DroneManagement", "DroneManagement.csproj", "{A2D3D8D4-BB8F-47FD-BAF6-E4819E343A5D}"
EndProject
Global
	GlobalSection(SolutionConfigurationPlatforms) = preSolution
		Debug|Any CPU = Debug|Any CPU
		Release|Any CPU = Release|Any CPU
	EndGlobalSection
	GlobalSection(ProjectConfigurationPlatforms) = postSolution
		{A2D3D8D4-BB8F-47FD-BAF6-E4819E343A5D}.Debug|Any CPU.ActiveCfg = Debug|Any CPU
		{A2D3D8D4-BB8F-47FD-BAF6-E4819E343A5D}.Debug|Any CPU.Build.0 = Debug|Any CPU
		{A2D3D8D4-BB8F-47FD-BAF6-E4819E343A5D}.Release|Any CPU.ActiveCfg = Release|Any CPU
		{A2D3D8D4-BB8F-47FD-BAF6-E4819E343A5D}.Release|Any CPU.Build.0 = Release|Any CPU
	EndGlobalSection
	GlobalSection(SolutionProperties) = preSolution
		HideSolutionNode = FALSE
	EndGlobalSection
	GlobalSection(ExtensibilityGlobals) = postSolution
		SolutionGuid = {D7688A00-F1BD-4FCF-B5FE-49DA2734685C}
	EndGlobalSection
EndGlobal
